// !$*UTF8*$!
{
	archiveVersion = 1;
	classes = {
	};
	objectVersion = 50;
	objects = {

/* Begin PBXBuildFile section */
		E2335D0623D257FF00B4672C /* AppDelegate.swift in Sources */ = {isa = PBXBuildFile; fileRef = E2335D0523D257FF00B4672C /* AppDelegate.swift */; };
		E2335D0823D257FF00B4672C /* SceneDelegate.swift in Sources */ = {isa = PBXBuildFile; fileRef = E2335D0723D257FF00B4672C /* SceneDelegate.swift */; };
		E2335D0A23D257FF00B4672C /* ContentView.swift in Sources */ = {isa = PBXBuildFile; fileRef = E2335D0923D257FF00B4672C /* ContentView.swift */; };
		E2335D0C23D2580100B4672C /* Assets.xcassets in Resources */ = {isa = PBXBuildFile; fileRef = E2335D0B23D2580100B4672C /* Assets.xcassets */; };
		E2335D0F23D2580100B4672C /* Preview Assets.xcassets in Resources */ = {isa = PBXBuildFile; fileRef = E2335D0E23D2580100B4672C /* Preview Assets.xcassets */; };
		E2335D1223D2580100B4672C /* LaunchScreen.storyboard in Resources */ = {isa = PBXBuildFile; fileRef = E2335D1023D2580100B4672C /* LaunchScreen.storyboard */; };
/* End PBXBuildFile section */

/* Begin PBXFileReference section */
		E2335D0223D257FF00B4672C /* RememberPerson.app */ = {isa = PBXFileReference; explicitFileType = wrapper.application; includeInIndex = 0; path = RememberPerson.app; sourceTree = BUILT_PRODUCTS_DIR; };
		E2335D0523D257FF00B4672C /* AppDelegate.swift */ = {isa = PBXFileReference; lastKnownFileType = sourcecode.swift; path = AppDelegate.swift; sourceTree = "<group>"; };
		E2335D0723D257FF00B4672C /* SceneDelegate.swift */ = {isa = PBXFileReference; lastKnownFileType = sourcecode.swift; path = SceneDelegate.swift; sourceTree = "<group>"; };
		E2335D0923D257FF00B4672C /* ContentView.swift */ = {isa = PBXFileReference; lastKnownFileType = sourcecode.swift; path = ContentView.swift; sourceTree = "<group>"; };
		E2335D0B23D2580100B4672C /* Assets.xcassets */ = {isa = PBXFileReference; lastKnownFileType = folder.assetcatalog; path = Assets.xcassets; sourceTree = "<group>"; };
		E2335D0E23D2580100B4672C /* Preview Assets.xcassets */ = {isa = PBXFileReference; lastKnownFileType = folder.assetcatalog; path = "Preview Assets.xcassets"; sourceTree = "<group>"; };
		E2335D1123D2580100B4672C /* Base */ = {isa = PBXFileReference; lastKnownFileType = file.storyboard; name = Base; path = Base.lproj/LaunchScreen.storyboard; sourceTree = "<group>"; };
		E2335D1323D2580100B4672C /* Info.plist */ = {isa = PBXFileReference; lastKnownFileType = text.plist.xml; path = Info.plist; sourceTree = "<group>"; };
/* End PBXFileReference section */

/* Begin PBXFrameworksBuildPhase section */
		E2335CFF23D257FF00B4672C /* Frameworks */ = {
			isa = PBXFrameworksBuildPhase;
			buildActionMask = 2147483647;
			files = (
			);
			runOnlyForDeploymentPostprocessing = 0;
		};
/* End PBXFrameworksBuildPhase section */

/* Begin PBXGroup section */
		E2335CF923D257FF00B4672C = {
			isa = PBXGroup;
			children = (
				E2335D0423D257FF00B4672C /* RememberPerson */,
				E2335D0323D257FF00B4672C /* Products */,
			);
			sourceTree = "<group>";
		};
		E2335D0323D257FF00B4672C /* Products */ = {
			isa = PBXGroup;
			children = (
				E2335D0223D257FF00B4672C /* RememberPerson.app */,
			);
			name = Products;
			sourceTree = "<group>";
		};
		E2335D0423D257FF00B4672C /* RememberPerson */ = {
			isa = PBXGroup;
			children = (
				E2335D0523D257FF00B4672C /* AppDelegate.swift */,
				E2335D0723D257FF00B4672C /* SceneDelegate.swift */,
				E2335D0923D257FF00B4672C /* ContentView.swift */,
				E2335D0B23D2580100B4672C /* Assets.xcassets */,
				E2335D1023D2580100B4672C /* LaunchScreen.storyboard */,
				E2335D1323D2580100B4672C /* Info.plist */,
				E2335D0D23D2580100B4672C /* Preview Content */,
			);
			path = RememberPerson;
			sourceTree = "<group>";
		};
		E2335D0D23D2580100B4672C /* Preview Content */ = {
			isa = PBXGroup;
			children = (
				E2335D0E23D2580100B4672C /* Preview Assets.xcassets */,
			);
			path = "Preview Content";
			sourceTree = "<group>";
		};
/* End PBXGroup section */

/* Begin PBXNativeTarget section */
		E2335D0123D257FF00B4672C /* RememberPerson */ = {
			isa = PBXNativeTarget;
			buildConfigurationList = E2335D1623D2580100B4672C /* Build configuration list for PBXNativeTarget "RememberPerson" */;
			buildPhases = (
				E2335CFE23D257FF00B4672C /* Sources */,
				E2335CFF23D257FF00B4672C /* Frameworks */,
				E2335D0023D257FF00B4672C /* Resources */,
			);
			buildRules = (
			);
			dependencies = (
			);
			name = RememberPerson;
			productName = RememberPerson;
			productReference = E2335D0223D257FF00B4672C /* RememberPerson.app */;
			productType = "com.apple.product-type.application";
		};
/* End PBXNativeTarget section */

/* Begin PBXProject section */
		E2335CFA23D257FF00B4672C /* Project object */ = {
			isa = PBXProject;
			attributes = {
				LastSwiftUpdateCheck = 1130;
				LastUpgradeCheck = 1130;
				ORGANIZATIONNAME = "Jules Lee";
				TargetAttributes = {
					E2335D0123D257FF00B4672C = {
						CreatedOnToolsVersion = 11.3;
					};
				};
			};
			buildConfigurationList = E2335CFD23D257FF00B4672C /* Build configuration list for PBXProject "RememberPerson" */;
			compatibilityVersion = "Xcode 9.3";
			developmentRegion = en;
			hasScannedForEncodings = 0;
			knownRegions = (
				en,
				Base,
			);
			mainGroup = E2335CF923D257FF00B4672C;
			productRefGroup = E2335D0323D257FF00B4672C /* Products */;
			projectDirPath = "";
			projectRoot = "";
			targets = (
				E2335D0123D257FF00B4672C /* RememberPerson */,
			);
		};
/* End PBXProject section */

/* Begin PBXResourcesBuildPhase section */
		E2335D0023D257FF00B4672C /* Resources */ = {
			isa = PBXResourcesBuildPhase;
			buildActionMask = 2147483647;
			files = (
				E2335D1223D2580100B4672C /* LaunchScreen.storyboard in Resources */,
				E2335D0F23D2580100B4672C /* Preview Assets.xcassets in Resources */,
				E2335D0C23D2580100B4672C /* Assets.xcassets in Resources */,
			);
			runOnlyForDeploymentPostprocessing = 0;
		};
/* End PBXResourcesBuildPhase section */

/* Begin PBXSourcesBuildPhase section */
		E2335CFE23D257FF00B4672C /* Sources */ = {
			isa = PBXSourcesBuildPhase;
			buildActionMask = 2147483647;
			files = (
				E2335D0623D257FF00B4672C /* AppDelegate.swift in Sources */,
				E2335D0823D257FF00B4672C /* SceneDelegate.swift in Sources */,
				E2335D0A23D257FF00B4672C /* ContentView.swift in Sources */,
			);
			runOnlyForDeploymentPostprocessing = 0;
		};
/* End PBXSourcesBuildPhase section */

/* Begin PBXVariantGroup section */
		E2335D1023D2580100B4672C /* LaunchScreen.storyboard */ = {
			isa = PBXVariantGroup;
			children = (
				E2335D1123D2580100B4672C /* Base */,
			);
			name = LaunchScreen.storyboard;
			sourceTree = "<group>";
		};
/* End PBXVariantGroup section */

/* Begin XCBuildConfiguration section */
		E2335D1423D2580100B4672C /* Debug */ = {
			isa = XCBuildConfiguration;
			buildSettings = {
				ALWAYS_SEARCH_USER_PATHS = NO;
				CLANG_ANALYZER_NONNULL = YES;
				CLANG_ANALYZER_NUMBER_OBJECT_CONVERSION = YES_AGGRESSIVE;
				CLANG_CXX_LANGUAGE_STANDARD = "gnu++14";
				CLANG_CXX_LIBRARY = "libc++";
				CLANG_ENABLE_MODULES = YES;
				CLANG_ENABLE_OBJC_ARC = YES;
				CLANG_ENABLE_OBJC_WEAK = YES;
				CLANG_WARN_BLOCK_CAPTURE_AUTORELEASING = YES;
				CLANG_WARN_BOOL_CONVERSION = YES;
				CLANG_WARN_COMMA = YES;
				CLANG_WARN_CONSTANT_CONVERSION = YES;
				CLANG_WARN_DEPRECATED_OBJC_IMPLEMENTATIONS = YES;
				CLANG_WARN_DIRECT_OBJC_ISA_USAGE = YES_ERROR;
				CLANG_WARN_DOCUMENTATION_COMMENTS = YES;
				CLANG_WARN_EMPTY_BODY = YES;
				CLANG_WARN_ENUM_CONVERSION = YES;
				CLANG_WARN_INFINITE_RECURSION = YES;
				CLANG_WARN_INT_CONVERSION = YES;
				CLANG_WARN_NON_LITERAL_NULL_CONVERSION = YES;
				CLANG_WARN_OBJC_IMPLICIT_RETAIN_SELF = YES;
				CLANG_WARN_OBJC_LITERAL_CONVERSION = YES;
				CLANG_WARN_OBJC_ROOT_CLASS = YES_ERROR;
				CLANG_WARN_RANGE_LOOP_ANALYSIS = YES;
				CLANG_WARN_STRICT_PROTOTYPES = YES;
				CLANG_WARN_SUSPICIOUS_MOVE = YES;
				CLANG_WARN_UNGUARDED_AVAILABILITY = YES_AGGRESSIVE;
				CLANG_WARN_UNREACHABLE_CODE = YES;
				CLANG_WARN__DUPLICATE_METHOD_MATCH = YES;
				COPY_PHASE_STRIP = NO;
				DEBUG_INFORMATION_FORMAT = dwarf;
				ENABLE_STRICT_OBJC_MSGSEND = YES;
				ENABLE_TESTABILITY = YES;
				GCC_C_LANGUAGE_STANDARD = gnu11;
				GCC_DYNAMIC_NO_PIC = NO;
				GCC_NO_COMMON_BLOCKS = YES;
				GCC_OPTIMIZATION_LEVEL = 0;
				GCC_PREPROCESSOR_DEFINITIONS = (
					"DEBUG=1",
					"$(inherited)",
				);
				GCC_WARN_64_TO_32_BIT_CONVERSION = YES;
				GCC_WARN_ABOUT_RETURN_TYPE = YES_ERROR;
				GCC_WARN_UNDECLARED_SELECTOR = YES;
				GCC_WARN_UNINITIALIZED_AUTOS = YES_AGGRESSIVE;
				GCC_WARN_UNUSED_FUNCTION = YES;
				GCC_WARN_UNUSED_VARIABLE = YES;
				IPHONEOS_DEPLOYMENT_TARGET = 13.2;
				MTL_ENABLE_DEBUG_INFO = INCLUDE_SOURCE;
				MTL_FAST_MATH = YES;
				ONLY_ACTIVE_ARCH = YES;
				SDKROOT = iphoneos;
				SWIFT_ACTIVE_COMPILATION_CONDITIONS = DEBUG;
				SWIFT_OPTIMIZATION_LEVEL = "-Onone";
			};
			name = Debug;
		};
		E2335D1523D2580100B4672C /* Release */ = {
			isa = XCBuildConfiguration;
			buildSettings = {
				ALWAYS_SEARCH_USER_PATHS = NO;
				CLANG_ANALYZER_NONNULL = YES;
				CLANG_ANALYZER_NUMBER_OBJECT_CONVERSION = YES_AGGRESSIVE;
				CLANG_CXX_LANGUAGE_STANDARD = "gnu++14";
				CLANG_CXX_LIBRARY = "libc++";
				CLANG_ENABLE_MODULES = YES;
				CLANG_ENABLE_OBJC_ARC = YES;
				CLANG_ENABLE_OBJC_WEAK = YES;
				CLANG_WARN_BLOCK_CAPTURE_AUTORELEASING = YES;
				CLANG_WARN_BOOL_CONVERSION = YES;
				CLANG_WARN_COMMA = YES;
				CLANG_WARN_CONSTANT_CONVERSION = YES;
				CLANG_WARN_DEPRECATED_OBJC_IMPLEMENTATIONS = YES;
				CLANG_WARN_DIRECT_OBJC_ISA_USAGE = YES_ERROR;
				CLANG_WARN_DOCUMENTATION_COMMENTS = YES;
				CLANG_WARN_EMPTY_BODY = YES;
				CLANG_WARN_ENUM_CONVERSION = YES;
				CLANG_WARN_INFINITE_RECURSION = YES;
				CLANG_WARN_INT_CONVERSION = YES;
				CLANG_WARN_NON_LITERAL_NULL_CONVERSION = YES;
				CLANG_WARN_OBJC_IMPLICIT_RETAIN_SELF = YES;
				CLANG_WARN_OBJC_LITERAL_CONVERSION = YES;
				CLANG_WARN_OBJC_ROOT_CLASS = YES_ERROR;
				CLANG_WARN_RANGE_LOOP_ANALYSIS = YES;
				CLANG_WARN_STRICT_PROTOTYPES = YES;
				CLANG_WARN_SUSPICIOUS_MOVE = YES;
				CLANG_WARN_UNGUARDED_AVAILABILITY = YES_AGGRESSIVE;
				CLANG_WARN_UNREACHABLE_CODE = YES;
				CLANG_WARN__DUPLICATE_METHOD_MATCH = YES;
				COPY_PHASE_STRIP = NO;
				DEBUG_INFORMATION_FORMAT = "dwarf-with-dsym";
				ENABLE_NS_ASSERTIONS = NO;
				ENABLE_STRICT_OBJC_MSGSEND = YES;
				GCC_C_LANGUAGE_STANDARD = gnu11;
				GCC_NO_COMMON_BLOCKS = YES;
				GCC_WARN_64_TO_32_BIT_CONVERSION = YES;
				GCC_WARN_ABOUT_RETURN_TYPE = YES_ERROR;
				GCC_WARN_UNDECLARED_SELECTOR = YES;
				GCC_WARN_UNINITIALIZED_AUTOS = YES_AGGRESSIVE;
				GCC_WARN_UNUSED_FUNCTION = YES;
				GCC_WARN_UNUSED_VARIABLE = YES;
				IPHONEOS_DEPLOYMENT_TARGET = 13.2;
				MTL_ENABLE_DEBUG_INFO = NO;
				MTL_FAST_MATH = YES;
				SDKROOT = iphoneos;
				SWIFT_COMPILATION_MODE = wholemodule;
				SWIFT_OPTIMIZATION_LEVEL = "-O";
				VALIDATE_PRODUCT = YES;
			};
			name = Release;
		};
		E2335D1723D2580100B4672C /* Debug */ = {
			isa = XCBuildConfiguration;
			buildSettings = {
				ASSETCATALOG_COMPILER_APPICON_NAME = AppIcon;
				CODE_SIGN_STYLE = Automatic;
				DEVELOPMENT_ASSET_PATHS = "\"RememberPerson/Preview Content\"";
				DEVELOPMENT_TEAM = ZPFY37265E;
				ENABLE_PREVIEWS = YES;
				INFOPLIST_FILE = RememberPerson/Info.plist;
				LD_RUNPATH_SEARCH_PATHS = (
					"$(inherited)",
					"@executable_path/Frameworks",
				);
				PRODUCT_BUNDLE_IDENTIFIER = com.iosjunkie.RememberPerson;
				PRODUCT_NAME = "$(TARGET_NAME)";
				SWIFT_VERSION = 5.0;
				TARGETED_DEVICE_FAMILY = "1,2";
			};
			name = Debug;
		};
		E2335D1823D2580100B4672C /* Release */ = {
			isa = XCBuildConfiguration;
			buildSettings = {
				ASSETCATALOG_COMPILER_APPICON_NAME = AppIcon;
				CODE_SIGN_STYLE = Automatic;
				DEVELOPMENT_ASSET_PATHS = "\"RememberPerson/Preview Content\"";
				DEVELOPMENT_TEAM = ZPFY37265E;
				ENABLE_PREVIEWS = YES;
				INFOPLIST_FILE = RememberPerson/Info.plist;
				LD_RUNPATH_SEARCH_PATHS = (
					"$(inherited)",
					"@executable_path/Frameworks",
				);
				PRODUCT_BUNDLE_IDENTIFIER = com.iosjunkie.RememberPerson;
				PRODUCT_NAME = "$(TARGET_NAME)";
				SWIFT_VERSION = 5.0;
				TARGETED_DEVICE_FAMILY = "1,2";
			};
			name = Release;
		};
/* End XCBuildConfiguration section */

/* Begin XCConfigurationList section */
		E2335CFD23D257FF00B4672C /* Build configuration list for PBXProject "RememberPerson" */ = {
			isa = XCConfigurationList;
			buildConfigurations = (
				E2335D1423D2580100B4672C /* Debug */,
				E2335D1523D2580100B4672C /* Release */,
			);
			defaultConfigurationIsVisible = 0;
			defaultConfigurationName = Release;
		};
		E2335D1623D2580100B4672C /* Build configuration list for PBXNativeTarget "RememberPerson" */ = {
			isa = XCConfigurationList;
			buildConfigurations = (
				E2335D1723D2580100B4672C /* Debug */,
				E2335D1823D2580100B4672C /* Release */,
			);
			defaultConfigurationIsVisible = 0;
			defaultConfigurationName = Release;
		};
/* End XCConfigurationList section */
	};
	rootObject = E2335CFA23D257FF00B4672C /* Project object */;
}
